// !$*UTF8*$!
{
	archiveVersion = 1;
	classes = {
	};
	objectVersion = 70;
	objects = {

/* Begin PBXBuildFile section */
		B10000000000000000000100 /* WickSync in Frameworks */ = {isa = PBXBuildFile; productRef = B10000000000000000000101 /* WickSync */; };
		B10000000000000000000103 /* WickCalendarKit in Frameworks */ = {isa = PBXBuildFile; productRef = B10000000000000000000102 /* WickCalendarKit */; };
		B10000000000000000000106 /* WickTrading in Frameworks */ = {isa = PBXBuildFile; productRef = B10000000000000000000104 /* WickTrading */; };
		B20000000000000000000100 /* XCTest.framework in Frameworks */ = {isa = PBXBuildFile; fileRef = B20000000000000000000105 /* XCTest.framework */; };
/* End PBXBuildFile section */

/* Begin PBXContainerItemProxy section */
		B20000000000000000000171 /* PBXContainerItemProxy */ = {
			isa = PBXContainerItemProxy;
			containerPortal = B10000000000000000000150 /* Project object */;
			proxyType = 1;
			remoteGlobalIDString = B10000000000000000000140;
			remoteInfo = WickPhone;
		};
/* End PBXContainerItemProxy section */

/* Begin PBXFileReference section */
		B10000000000000000000105 /* Info.plist */ = {isa = PBXFileReference; lastKnownFileType = text.plist.xml; path = Info.plist; sourceTree = "<group>"; };
		B10000000000000000000132 /* WickPhone.app */ = {isa = PBXFileReference; explicitFileType = wrapper.application; includeInIndex = 0; path = WickPhone.app; sourceTree = BUILT_PRODUCTS_DIR; };
		B20000000000000000000105 /* XCTest.framework */ = {isa = PBXFileReference; lastKnownFileType = wrapper.framework; name = XCTest.framework; path = System/Library/Frameworks/XCTest.framework; sourceTree = SDKROOT; };
		B20000000000000000000132 /* WickPhoneTests.xctest */ = {isa = PBXFileReference; explicitFileType = wrapper.cfbundle; includeInIndex = 0; path = WickPhoneTests.xctest; sourceTree = BUILT_PRODUCTS_DIR; };
/* End PBXFileReference section */

/* Begin PBXFileSystemSynchronizedRootGroup section */
		B10000000000000000000110 /* WickPhone */ = {isa = PBXFileSystemSynchronizedRootGroup; explicitFileTypes = {}; explicitFolders = (); path = WickPhone; sourceTree = "<group>"; };
		B20000000000000000000110 /* WickPhoneTests */ = {isa = PBXFileSystemSynchronizedRootGroup; explicitFileTypes = {}; explicitFolders = (); path = WickPhoneTests; sourceTree = "<group>"; };
/* End PBXFileSystemSynchronizedRootGroup section */

/* Begin PBXFrameworksBuildPhase section */
		B10000000000000000000120 /* Frameworks */ = {
			isa = PBXFrameworksBuildPhase;
			buildActionMask = 2147483647;
			files = (
				B10000000000000000000100 /* WickSync in Frameworks */,
				B10000000000000000000103 /* WickCalendarKit in Frameworks */,
				B10000000000000000000106 /* WickTrading in Frameworks */,
			);
			runOnlyForDeploymentPostprocessing = 0;
		};
		B20000000000000000000120 /* Frameworks */ = {
			isa = PBXFrameworksBuildPhase;
			buildActionMask = 2147483647;
			files = (
				B20000000000000000000100 /* XCTest.framework in Frameworks */,
			);
			runOnlyForDeploymentPostprocessing = 0;
		};
/* End PBXFrameworksBuildPhase section */

/* Begin PBXGroup section */
		9B74610A303C1B7C0012B93E /* Recovered References */ = {
			isa = PBXGroup;
			children = (
				B20000000000000000000105 /* XCTest.framework */,
			);
			name = "Recovered References";
			sourceTree = "<group>";
		};
		B10000000000000000000130 = {
			isa = PBXGroup;
			children = (
				B10000000000000000000110 /* WickPhone */,
				B20000000000000000000110 /* WickPhoneTests */,
				B10000000000000000000105 /* Info.plist */,
				B10000000000000000000131 /* Products */,
				9B74610A303C1B7C0012B93E /* Recovered References */,
			);
			sourceTree = "<group>";
		};
		B10000000000000000000131 /* Products */ = {
			isa = PBXGroup;
			children = (
				B10000000000000000000132 /* WickPhone.app */,
				B20000000000000000000132 /* WickPhoneTests.xctest */,
			);
			name = Products;
			sourceTree = "<group>";
		};
/* End PBXGroup section */

/* Begin PBXNativeTarget section */
		B10000000000000000000140 /* WickPhone */ = {
			isa = PBXNativeTarget;
			buildConfigurationList = B10000000000000000000141 /* Build configuration list for PBXNativeTarget "WickPhone" */;
			buildPhases = (
				B10000000000000000000142 /* Sources */,
				B10000000000000000000120 /* Frameworks */,
				B10000000000000000000143 /* Resources */,
			);
			buildRules = (
			);
			dependencies = (
			);
			fileSystemSynchronizedGroups = (
				B10000000000000000000110 /* WickPhone */,
			);
			name = WickPhone;
			packageProductDependencies = (
				B10000000000000000000101 /* WickSync */,
				B10000000000000000000102 /* WickCalendarKit */,
				B10000000000000000000104 /* WickTrading */,
			);
			productName = WickPhone;
			productReference = B10000000000000000000132 /* WickPhone.app */;
			productType = "com.apple.product-type.application";
		};
		B20000000000000000000140 /* WickPhoneTests */ = {
			isa = PBXNativeTarget;
			buildConfigurationList = B20000000000000000000141 /* Build configuration list for PBXNativeTarget "WickPhoneTests" */;
			buildPhases = (
				B20000000000000000000142 /* Sources */,
				B20000000000000000000120 /* Frameworks */,
				B20000000000000000000143 /* Resources */,
			);
			buildRules = (
			);
			dependencies = (
				B20000000000000000000170 /* PBXTargetDependency */,
			);
			fileSystemSynchronizedGroups = (
				B20000000000000000000110 /* WickPhoneTests */,
			);
			name = WickPhoneTests;
			packageProductDependencies = (
			);
			productName = WickPhoneTests;
			productReference = B20000000000000000000132 /* WickPhoneTests.xctest */;
			productType = "com.apple.product-type.bundle.unit-test";
		};
/* End PBXNativeTarget section */

/* Begin PBXProject section */
		B10000000000000000000150 /* Project object */ = {
			isa = PBXProject;
			attributes = {
				BuildIndependentTargetsInParallel = 1;
				LastSwiftUpdateCheck = 2600;
				LastUpgradeCheck = 2660;
			};
			buildConfigurationList = B10000000000000000000151 /* Build configuration list for PBXProject "WickPhone" */;
			compatibilityVersion = "Xcode 14.0";
			developmentRegion = en;
			hasScannedForEncodings = 0;
			knownRegions = (
				en,
				Base,
				"zh-Hans",
			);
			mainGroup = B10000000000000000000130;
			packageReferences = (
				B10000000000000000000160 /* XCLocalSwiftPackageReference ".." */,
			);
			productRefGroup = B10000000000000000000131 /* Products */;
			projectDirPath = "";
			projectRoot = "";
			targets = (
				B10000000000000000000140 /* WickPhone */,
				B20000000000000000000140 /* WickPhoneTests */,
			);
		};
/* End PBXProject section */

/* Begin PBXResourcesBuildPhase section */
		B10000000000000000000143 /* Resources */ = {
			isa = PBXResourcesBuildPhase;
			buildActionMask = 2147483647;
			files = (
			);
			runOnlyForDeploymentPostprocessing = 0;
		};
		B20000000000000000000143 /* Resources */ = {
			isa = PBXResourcesBuildPhase;
			buildActionMask = 2147483647;
			files = (
			);
			runOnlyForDeploymentPostprocessing = 0;
		};
/* End PBXResourcesBuildPhase section */

/* Begin PBXSourcesBuildPhase section */
		B10000000000000000000142 /* Sources */ = {
			isa = PBXSourcesBuildPhase;
			buildActionMask = 2147483647;
			files = (
			);
			runOnlyForDeploymentPostprocessing = 0;
		};
		B20000000000000000000142 /* Sources */ = {
			isa = PBXSourcesBuildPhase;
			buildActionMask = 2147483647;
			files = (
			);
			runOnlyForDeploymentPostprocessing = 0;
		};
/* End PBXSourcesBuildPhase section */

/* Begin PBXTargetDependency section */
		B20000000000000000000170 /* PBXTargetDependency */ = {
			isa = PBXTargetDependency;
			target = B10000000000000000000140 /* WickPhone */;
			targetProxy = B20000000000000000000171 /* PBXContainerItemProxy */;
		};
/* End PBXTargetDependency section */

/* Begin XCBuildConfiguration section */
		B10000000000000000000152 /* Debug */ = {
			isa = XCBuildConfiguration;
			buildSettings = {
				ALWAYS_SEARCH_USER_PATHS = NO;
				CLANG_ANALYZER_LOCALIZABILITY_NONLOCALIZED = YES;
				CLANG_ENABLE_MODULES = YES;
				CLANG_WARN_BLOCK_CAPTURE_AUTORELEASING = YES;
				CLANG_WARN_BOOL_CONVERSION = YES;
				CLANG_WARN_COMMA = YES;
				CLANG_WARN_CONSTANT_CONVERSION = YES;
				CLANG_WARN_DEPRECATED_OBJC_IMPLEMENTATIONS = YES;
				CLANG_WARN_EMPTY_BODY = YES;
				CLANG_WARN_ENUM_CONVERSION = YES;
				CLANG_WARN_INFINITE_RECURSION = YES;
				CLANG_WARN_INT_CONVERSION = YES;
				CLANG_WARN_NON_LITERAL_NULL_CONVERSION = YES;
				CLANG_WARN_OBJC_IMPLICIT_RETAIN_SELF = YES;
				CLANG_WARN_OBJC_LITERAL_CONVERSION = YES;
				CLANG_WARN_QUOTED_INCLUDE_IN_FRAMEWORK_HEADER = YES;
				CLANG_WARN_RANGE_LOOP_ANALYSIS = YES;
				CLANG_WARN_STRICT_PROTOTYPES = YES;
				CLANG_WARN_SUSPICIOUS_MOVE = YES;
				CLANG_WARN_UNREACHABLE_CODE = YES;
				CLANG_WARN__DUPLICATE_METHOD_MATCH = YES;
				COPY_PHASE_STRIP = NO;
				DEAD_CODE_STRIPPING = YES;
				DEBUG_INFORMATION_FORMAT = dwarf;
				DEVELOPMENT_TEAM = VZRSU5XZ9E;
				ENABLE_STRICT_OBJC_MSGSEND = YES;
				ENABLE_TESTABILITY = YES;
				ENABLE_USER_SCRIPT_SANDBOXING = YES;
				GCC_DYNAMIC_NO_PIC = NO;
				GCC_NO_COMMON_BLOCKS = YES;
				GCC_OPTIMIZATION_LEVEL = 0;
				GCC_WARN_64_TO_32_BIT_CONVERSION = YES;
				GCC_WARN_ABOUT_RETURN_TYPE = YES;
				GCC_WARN_UNDECLARED_SELECTOR = YES;
				GCC_WARN_UNINITIALIZED_AUTOS = YES;
				GCC_WARN_UNUSED_FUNCTION = YES;
				GCC_WARN_UNUSED_VARIABLE = YES;
				MTL_ENABLE_DEBUG_INFO = INCLUDE_SOURCE;
				ONLY_ACTIVE_ARCH = YES;
				STRING_CATALOG_GENERATE_SYMBOLS = YES;
				SWIFT_ACTIVE_COMPILATION_CONDITIONS = DEBUG;
				SWIFT_OPTIMIZATION_LEVEL = "-Onone";
			};
			name = Debug;
		};
		B10000000000000000000153 /* Release */ = {
			isa = XCBuildConfiguration;
			buildSettings = {
				ALWAYS_SEARCH_USER_PATHS = NO;
				CLANG_ANALYZER_LOCALIZABILITY_NONLOCALIZED = YES;
				CLANG_ENABLE_MODULES = YES;
				CLANG_WARN_BLOCK_CAPTURE_AUTORELEASING = YES;
				CLANG_WARN_BOOL_CONVERSION = YES;
				CLANG_WARN_COMMA = YES;
				CLANG_WARN_CONSTANT_CONVERSION = YES;
				CLANG_WARN_DEPRECATED_OBJC_IMPLEMENTATIONS = YES;
				CLANG_WARN_EMPTY_BODY = YES;
				CLANG_WARN_ENUM_CONVERSION = YES;
				CLANG_WARN_INFINITE_RECURSION = YES;
				CLANG_WARN_INT_CONVERSION = YES;
				CLANG_WARN_NON_LITERAL_NULL_CONVERSION = YES;
				CLANG_WARN_OBJC_IMPLICIT_RETAIN_SELF = YES;
				CLANG_WARN_OBJC_LITERAL_CONVERSION = YES;
				CLANG_WARN_QUOTED_INCLUDE_IN_FRAMEWORK_HEADER = YES;
				CLANG_WARN_RANGE_LOOP_ANALYSIS = YES;
				CLANG_WARN_STRICT_PROTOTYPES = YES;
				CLANG_WARN_SUSPICIOUS_MOVE = YES;
				CLANG_WARN_UNREACHABLE_CODE = YES;
				CLANG_WARN__DUPLICATE_METHOD_MATCH = YES;
				COPY_PHASE_STRIP = NO;
				DEAD_CODE_STRIPPING = YES;
				DEBUG_INFORMATION_FORMAT = "dwarf-with-dsym";
				DEVELOPMENT_TEAM = VZRSU5XZ9E;
				ENABLE_NS_ASSERTIONS = NO;
				ENABLE_STRICT_OBJC_MSGSEND = YES;
				ENABLE_USER_SCRIPT_SANDBOXING = YES;
				GCC_NO_COMMON_BLOCKS = YES;
				GCC_WARN_64_TO_32_BIT_CONVERSION = YES;
				GCC_WARN_ABOUT_RETURN_TYPE = YES;
				GCC_WARN_UNDECLARED_SELECTOR = YES;
				GCC_WARN_UNINITIALIZED_AUTOS = YES;
				GCC_WARN_UNUSED_FUNCTION = YES;
				GCC_WARN_UNUSED_VARIABLE = YES;
				MTL_ENABLE_DEBUG_INFO = NO;
				STRING_CATALOG_GENERATE_SYMBOLS = YES;
				SWIFT_COMPILATION_MODE = wholemodule;
				SWIFT_OPTIMIZATION_LEVEL = "-O";
			};
			name = Release;
		};
		B10000000000000000000154 /* Debug */ = {
			isa = XCBuildConfiguration;
			buildSettings = {
				ASSETCATALOG_COMPILER_APPICON_NAME = AppIcon;
				CLANG_ENABLE_OBJC_WEAK = YES;
				CODE_SIGN_STYLE = Automatic;
				CURRENT_PROJECT_VERSION = 73;
				DEVELOPMENT_TEAM = 2QR53496J6;
				GENERATE_INFOPLIST_FILE = NO;
				INFOPLIST_FILE = Info.plist;
				INFOPLIST_KEY_UIApplicationSupportsIndirectInputEvents = YES;
				IPHONEOS_DEPLOYMENT_TARGET = 16.0;
				LD_RUNPATH_SEARCH_PATHS = (
					"$(inherited)",
					"@executable_path/Frameworks",
				);
				MARKETING_VERSION = 1.10.34;
				PRODUCT_BUNDLE_IDENTIFIER = com.miaoz.wick.phone.dev;
				PRODUCT_NAME = "$(TARGET_NAME)";
				SDKROOT = iphoneos;
				SUPPORTED_PLATFORMS = "iphoneos iphonesimulator";
				SUPPORTS_MACCATALYST = NO;
				SWIFT_EMIT_LOC_STRINGS = YES;
				SWIFT_VERSION = 6.0;
				TARGETED_DEVICE_FAMILY = 1;
			};
			name = Debug;
		};
		B10000000000000000000155 /* Release */ = {
			isa = XCBuildConfiguration;
			buildSettings = {
				ASSETCATALOG_COMPILER_APPICON_NAME = AppIcon;
				CLANG_ENABLE_OBJC_WEAK = YES;
				CODE_SIGN_STYLE = Automatic;
				CURRENT_PROJECT_VERSION = 73;
				DEVELOPMENT_TEAM = 2QR53496J6;
				GENERATE_INFOPLIST_FILE = NO;
				INFOPLIST_FILE = Info.plist;
				INFOPLIST_KEY_UIApplicationSupportsIndirectInputEvents = YES;
				IPHONEOS_DEPLOYMENT_TARGET = 16.0;
				LD_RUNPATH_SEARCH_PATHS = (
					"$(inherited)",
					"@executable_path/Frameworks",
				);
				MARKETING_VERSION = 1.10.34;
				PRODUCT_BUNDLE_IDENTIFIER = com.miaoz.wick.phone.dev;
				PRODUCT_NAME = "$(TARGET_NAME)";
				SDKROOT = iphoneos;
				SUPPORTED_PLATFORMS = "iphoneos iphonesimulator";
				SUPPORTS_MACCATALYST = NO;
				SWIFT_EMIT_LOC_STRINGS = YES;
				SWIFT_VERSION = 6.0;
				TARGETED_DEVICE_FAMILY = 1;
			};
			name = Release;
		};
		B20000000000000000000154 /* Debug */ = {
			isa = XCBuildConfiguration;
			buildSettings = {
				BUNDLE_LOADER = "$(TEST_HOST)";
				CODE_SIGN_STYLE = Automatic;
				CURRENT_PROJECT_VERSION = 73;
				DEVELOPMENT_TEAM = 2QR53496J6;
				GENERATE_INFOPLIST_FILE = YES;
				IPHONEOS_DEPLOYMENT_TARGET = 16.0;
				MARKETING_VERSION = 1.10.34;
				PRODUCT_BUNDLE_IDENTIFIER = com.miaoz.wick.phone.tests;
				PRODUCT_NAME = "$(TARGET_NAME)";
				SDKROOT = iphoneos;
				SUPPORTED_PLATFORMS = "iphoneos iphonesimulator";
				SWIFT_VERSION = 6.0;
				TARGETED_DEVICE_FAMILY = 1;
				TEST_HOST = "$(BUILT_PRODUCTS_DIR)/WickPhone.app/$(BUNDLE_EXECUTABLE_FOLDER_PATH)/WickPhone";
			};
			name = Debug;
		};
		B20000000000000000000155 /* Release */ = {
			isa = XCBuildConfiguration;
			buildSettings = {
				BUNDLE_LOADER = "$(TEST_HOST)";
				CODE_SIGN_STYLE = Automatic;
				CURRENT_PROJECT_VERSION = 73;
				DEVELOPMENT_TEAM = 2QR53496J6;
				GENERATE_INFOPLIST_FILE = YES;
				IPHONEOS_DEPLOYMENT_TARGET = 16.0;
				MARKETING_VERSION = 1.10.34;
				PRODUCT_BUNDLE_IDENTIFIER = com.miaoz.wick.phone.tests;
				PRODUCT_NAME = "$(TARGET_NAME)";
				SDKROOT = iphoneos;
				SUPPORTED_PLATFORMS = "iphoneos iphonesimulator";
				SWIFT_VERSION = 6.0;
				TARGETED_DEVICE_FAMILY = 1;
				TEST_HOST = "$(BUILT_PRODUCTS_DIR)/WickPhone.app/$(BUNDLE_EXECUTABLE_FOLDER_PATH)/WickPhone";
			};
			name = Release;
		};
/* End XCBuildConfiguration section */

/* Begin XCConfigurationList section */
		B10000000000000000000141 /* Build configuration list for PBXNativeTarget "WickPhone" */ = {
			isa = XCConfigurationList;
			buildConfigurations = (
				B10000000000000000000154 /* Debug */,
				B10000000000000000000155 /* Release */,
			);
			defaultConfigurationIsVisible = 0;
			defaultConfigurationName = Release;
		};
		B10000000000000000000151 /* Build configuration list for PBXProject "WickPhone" */ = {
			isa = XCConfigurationList;
			buildConfigurations = (
				B10000000000000000000152 /* Debug */,
				B10000000000000000000153 /* Release */,
			);
			defaultConfigurationIsVisible = 0;
			defaultConfigurationName = Release;
		};
		B20000000000000000000141 /* Build configuration list for PBXNativeTarget "WickPhoneTests" */ = {
			isa = XCConfigurationList;
			buildConfigurations = (
				B20000000000000000000154 /* Debug */,
				B20000000000000000000155 /* Release */,
			);
			defaultConfigurationIsVisible = 0;
			defaultConfigurationName = Release;
		};
/* End XCConfigurationList section */

/* Begin XCLocalSwiftPackageReference section */
		B10000000000000000000160 /* XCLocalSwiftPackageReference ".." */ = {
			isa = XCLocalSwiftPackageReference;
			relativePath = ..;
		};
/* End XCLocalSwiftPackageReference section */

/* Begin XCSwiftPackageProductDependency section */
		B10000000000000000000101 /* WickSync */ = {
			isa = XCSwiftPackageProductDependency;
			package = B10000000000000000000160 /* XCLocalSwiftPackageReference ".." */;
			productName = WickSync;
		};
		B10000000000000000000102 /* WickCalendarKit */ = {
			isa = XCSwiftPackageProductDependency;
			package = B10000000000000000000160 /* XCLocalSwiftPackageReference ".." */;
			productName = WickCalendarKit;
		};
		B10000000000000000000104 /* WickTrading */ = {
			isa = XCSwiftPackageProductDependency;
			package = B10000000000000000000160 /* XCLocalSwiftPackageReference ".." */;
			productName = WickTrading;
		};
/* End XCSwiftPackageProductDependency section */
	};
	rootObject = B10000000000000000000150 /* Project object */;
}
